
Microsoft Visual Studio Solution File, Format Version 12.00
# Visual Studio Version 17
VisualStudioVersion = 17.5.33502.453
MinimumVisualStudioVersion = 10.0.40219.1
Project("{FAE04EC0-301F-11D3-BF4B-00C04F79EFBC}") = "ConsoleApp19", "ConsoleApp19\ConsoleApp19.csproj", "{EE05075E-443D-40CC-8D82-1E7D716BE160}"
EndProject
Global
	GlobalSection(SolutionConfigurationPlatforms) = preSolution
		Debug|Any CPU = Debug|Any CPU
		Release|Any CPU = Release|Any CPU
	EndGlobalSection
	GlobalSection(ProjectConfigurationPlatforms) = postSolution
		{EE05075E-443D-40CC-8D82-1E7D716BE160}.Debug|Any CPU.ActiveCfg = Debug|Any CPU
		{EE05075E-443D-40CC-8D82-1E7D716BE160}.Debug|Any CPU.Build.0 = Debug|Any CPU
		{EE05075E-443D-40CC-8D82-1E7D716BE160}.Release|Any CPU.ActiveCfg = Release|Any CPU
		{EE05075E-443D-40CC-8D82-1E7D716BE160}.Release|Any CPU.Build.0 = Release|Any CPU
	EndGlobalSection
	GlobalSection(SolutionProperties) = preSolution
		HideSolutionNode = FALSE
	EndGlobalSection
	GlobalSection(ExtensibilityGlobals) = postSolution
		SolutionGuid = {B79364D2-9CF9-4D4D-AC8E-34296A688E69}
	EndGlobalSection
EndGlobal
